# THIS IS AN AUTOGENERATED FILE. DO NOT EDIT THIS FILE DIRECTLY.
# yarn lockfile v1


"prettier-plugin-tailwindcss@https://github.com/madmax/prettier-plugin-tailwindcss#html-erb-v7":
  version "0.6.14"
  resolved "https://github.com/madmax/prettier-plugin-tailwindcss#a22c0b48c3a6fcfd442465ef50477ef908a041f5"

prettier@^3.8.1:
  version "3.8.1"
  resolved "https://registry.yarnpkg.com/prettier/-/prettier-3.8.1.tgz#edf48977cf991558f4fcbd8a3ba6015ba2a3a173"
  integrity sha512-UOnG6LftzbdaHZcKoPFtOcCKztrQ57WkHDeRD9t/PTQtmT0NHSeWWepj6pS0z/N7+08BHFDQVUrfmfMRcZwbMg==
